{
    "name": "reactor.js",
    "version": "0.0.1",
    "lockfileVersion": 1,
    "requires": true,
    "dependencies": {
        "ast-types": {
            "version": "0.10.1",
            "resolved": "https://registry.npmjs.org/ast-types/-/ast-types-0.10.1.tgz",
            "integrity": "sha512-UY7+9DPzlJ9VM8eY0b2TUZcZvF+1pO0hzMtAyjBYKhOmnvRlqYNYnWdtsMj0V16CGaMlpL0G1jnLbLo4AyotuQ=="
        },
        "core-js": {
            "version": "2.6.5",
            "resolved": "https://registry.npmjs.org/core-js/-/core-js-2.6.5.tgz",
            "integrity": "sha512-klh/kDpwX8hryYL14M9w/xei6vrv6sE8gTHDG7/T/+SEovB/G4ejwcfE/CBzO6Edsu+OETZMZ3wcX/EjUkrl5A=="
        },
        "es-arguments": {
            "version": "1.0.2",
            "resolved": "https://registry.npmjs.org/es-arguments/-/es-arguments-1.0.2.tgz",
            "integrity": "sha512-mN1iFBSisUWazpOSe1rdfSUVDZbbFuFMLKtRyQhonyoIx2qjlRJ1N+B+OH85Hx7wHc+v8zqfS7fNzIPuNDR54A==",
            "requires": {
                "recast": "^0.12.7"
            }
        },
        "esprima": {
            "version": "4.0.1",
            "resolved": "https://registry.npmjs.org/esprima/-/esprima-4.0.1.tgz",
            "integrity": "sha512-eGuFFw7Upda+g4p+QHvnW0RyTX/SVeJBDM/gCtMARO0cLuT2HcEKnTPvhjV6aGeqrCB/sbNop0Kszm0jsaWU4A=="
        },
        "private": {
            "version": "0.1.8",
            "resolved": "https://registry.npmjs.org/private/-/private-0.1.8.tgz",
            "integrity": "sha512-VvivMrbvd2nKkiG38qjULzlc+4Vx4wm/whI9pQD35YrARNnhxeiRktSOhSukRLFNlzg6Br/cJPet5J/u19r/mg=="
        },
        "recast": {
            "version": "0.12.9",
            "resolved": "https://registry.npmjs.org/recast/-/recast-0.12.9.tgz",
            "integrity": "sha512-y7ANxCWmMW8xLOaiopiRDlyjQ9ajKRENBH+2wjntIbk3A6ZR1+BLQttkmSHMY7Arl+AAZFwJ10grg2T6f1WI8A==",
            "requires": {
                "ast-types": "0.10.1",
                "core-js": "^2.4.1",
                "esprima": "~4.0.0",
                "private": "~0.1.5",
                "source-map": "~0.6.1"
            }
        },
        "source-map": {
            "version": "0.6.1",
            "resolved": "https://registry.npmjs.org/source-map/-/source-map-0.6.1.tgz",
            "integrity": "sha512-UjgapumWlbMhkBgzT7Ykc5YXUT46F0iKu8SGXq0bcwP5dz/h0Plj6enJqjz1Zbq2l5WaqYnrVbwWOWMyF3F47g=="
        }
    }
}
